
Microsoft Visual Studio Solution File, Format Version 12.00
# Visual Studio 15
VisualStudioVersion = 15.0.27428.2037
MinimumVisualStudioVersion = 10.0.40219.1
Project("{FAE04EC0-301F-11D3-BF4B-00C04F79EFBC}") = "ConsoleUI", "ConsoleUI\ConsoleUI.csproj", "{EAC90E62-509F-4421-9EF5-60F24F590B05}"
EndProject
Global
	GlobalSection(SolutionConfigurationPlatforms) = preSolution
		Debug|Any CPU = Debug|Any CPU
		Release|Any CPU = Release|Any CPU
	EndGlobalSection
	GlobalSection(ProjectConfigurationPlatforms) = postSolution
		{EAC90E62-509F-4421-9EF5-60F24F590B05}.Debug|Any CPU.ActiveCfg = Debug|Any CPU
		{EAC90E62-509F-4421-9EF5-60F24F590B05}.Debug|Any CPU.Build.0 = Debug|Any CPU
		{EAC90E62-509F-4421-9EF5-60F24F590B05}.Release|Any CPU.ActiveCfg = Release|Any CPU
		{EAC90E62-509F-4421-9EF5-60F24F590B05}.Release|Any CPU.Build.0 = Release|Any CPU
	EndGlobalSection
	GlobalSection(SolutionProperties) = preSolution
		HideSolutionNode = FALSE
	EndGlobalSection
	GlobalSection(ExtensibilityGlobals) = postSolution
		SolutionGuid = {2EA7CD0D-F102-45E5-B77B-2DFF6968E605}
	EndGlobalSection
EndGlobal
